
Microsoft Visual Studio Solution File, Format Version 12.00
# Visual Studio Version 17
VisualStudioVersion = 17.9.34723.18
MinimumVisualStudioVersion = 10.0.40219.1
Project("{9A19103F-16F7-4668-BE54-9A1E7A4F7556}") = "ModernUILibrary", "ModernUILibrary\ModernUILibrary.csproj", "{653A5FAD-E8DE-45AA-9178-D2C9B84D09D4}"
EndProject
Project("{9A19103F-16F7-4668-BE54-9A1E7A4F7556}") = "ModernUIDemo", "ModernUIDemo\ModernUIDemo.csproj", "{1C94DC78-3605-476B-B9E4-A942FAD1DD97}"
EndProject
Project("{2150E333-8FDC-42A3-9474-1A3956D46DE8}") = "_Doc", "_Doc", "{24D6D8AD-B927-4075-B043-FBD9829A569C}"
	ProjectSection(SolutionItems) = preProject
		README.md = README.md
	EndProjectSection
EndProject
Project("{FAE04EC0-301F-11D3-BF4B-00C04F79EFBC}") = "ModernBaseLibrary", "ModernBaseLibrary\ModernBaseLibrary.csproj", "{A75F19D2-5673-44F9-B5B5-5648B7C4B8F3}"
EndProject
Project("{FAE04EC0-301F-11D3-BF4B-00C04F79EFBC}") = "ModernTest", "ModernTest\ModernTest.csproj", "{1724881B-EB99-4A4C-B245-96FF8ED9E543}"
EndProject
Project("{FAE04EC0-301F-11D3-BF4B-00C04F79EFBC}") = "ModernMVVMDemo", "ModernMVVMDemo\ModernMVVMDemo.csproj", "{3302802E-E2DB-4104-B166-DEBC4B414D66}"
EndProject
Project("{FAE04EC0-301F-11D3-BF4B-00C04F79EFBC}") = "ModernTemplate", "ModernTemplate\ModernTemplate.csproj", "{27F3D2EB-38A0-493C-9B18-0EAE2E4EAA08}"
EndProject
Project("{FAE04EC0-301F-11D3-BF4B-00C04F79EFBC}") = "ModernInsideVM", "ModernInsideVM\ModernInsideVM.csproj", "{876A5C9D-EF82-4CF8-BB33-3AE6CB0365DB}"
EndProject
Project("{FAE04EC0-301F-11D3-BF4B-00C04F79EFBC}") = "ModernSQLite", "ModernSQLite\ModernSQLite.csproj", "{54322E66-EAE3-4326-A90B-C17B51B2B4A5}"
EndProject
Project("{FAE04EC0-301F-11D3-BF4B-00C04F79EFBC}") = "ModernConsole", "ModernConsole\ModernConsole.csproj", "{CFD0A15B-AD3E-45C4-B55F-F1697EF5F263}"
EndProject
Project("{FAE04EC0-301F-11D3-BF4B-00C04F79EFBC}") = "ModernConsoleDemo", "ModernConsoleDemo\ModernConsoleDemo.csproj", "{6D4EF7AC-416B-4ACE-A263-D91770BDA56A}"
EndProject
Project("{FAE04EC0-301F-11D3-BF4B-00C04F79EFBC}") = "ModernConsoleTemplate", "ModernConsoleTemplate\ModernConsoleTemplate.csproj", "{A83729EC-377E-4F15-ACF7-8CA501D7AEE3}"
EndProject
Global
	GlobalSection(SolutionConfigurationPlatforms) = preSolution
		Debug|Any CPU = Debug|Any CPU
		Release|Any CPU = Release|Any CPU
	EndGlobalSection
	GlobalSection(ProjectConfigurationPlatforms) = postSolution
		{653A5FAD-E8DE-45AA-9178-D2C9B84D09D4}.Debug|Any CPU.ActiveCfg = Debug|Any CPU
		{653A5FAD-E8DE-45AA-9178-D2C9B84D09D4}.Debug|Any CPU.Build.0 = Debug|Any CPU
		{653A5FAD-E8DE-45AA-9178-D2C9B84D09D4}.Release|Any CPU.ActiveCfg = Release|Any CPU
		{653A5FAD-E8DE-45AA-9178-D2C9B84D09D4}.Release|Any CPU.Build.0 = Release|Any CPU
		{1C94DC78-3605-476B-B9E4-A942FAD1DD97}.Debug|Any CPU.ActiveCfg = Debug|Any CPU
		{1C94DC78-3605-476B-B9E4-A942FAD1DD97}.Debug|Any CPU.Build.0 = Debug|Any CPU
		{1C94DC78-3605-476B-B9E4-A942FAD1DD97}.Release|Any CPU.ActiveCfg = Release|Any CPU
		{1C94DC78-3605-476B-B9E4-A942FAD1DD97}.Release|Any CPU.Build.0 = Release|Any CPU
		{A75F19D2-5673-44F9-B5B5-5648B7C4B8F3}.Debug|Any CPU.ActiveCfg = Debug|Any CPU
		{A75F19D2-5673-44F9-B5B5-5648B7C4B8F3}.Debug|Any CPU.Build.0 = Debug|Any CPU
		{A75F19D2-5673-44F9-B5B5-5648B7C4B8F3}.Release|Any CPU.ActiveCfg = Release|Any CPU
		{A75F19D2-5673-44F9-B5B5-5648B7C4B8F3}.Release|Any CPU.Build.0 = Release|Any CPU
		{1724881B-EB99-4A4C-B245-96FF8ED9E543}.Debug|Any CPU.ActiveCfg = Debug|Any CPU
		{1724881B-EB99-4A4C-B245-96FF8ED9E543}.Debug|Any CPU.Build.0 = Debug|Any CPU
		{1724881B-EB99-4A4C-B245-96FF8ED9E543}.Release|Any CPU.ActiveCfg = Release|Any CPU
		{1724881B-EB99-4A4C-B245-96FF8ED9E543}.Release|Any CPU.Build.0 = Release|Any CPU
		{3302802E-E2DB-4104-B166-DEBC4B414D66}.Debug|Any CPU.ActiveCfg = Debug|Any CPU
		{3302802E-E2DB-4104-B166-DEBC4B414D66}.Debug|Any CPU.Build.0 = Debug|Any CPU
		{3302802E-E2DB-4104-B166-DEBC4B414D66}.Release|Any CPU.ActiveCfg = Release|Any CPU
		{3302802E-E2DB-4104-B166-DEBC4B414D66}.Release|Any CPU.Build.0 = Release|Any CPU
		{27F3D2EB-38A0-493C-9B18-0EAE2E4EAA08}.Debug|Any CPU.ActiveCfg = Debug|Any CPU
		{27F3D2EB-38A0-493C-9B18-0EAE2E4EAA08}.Debug|Any CPU.Build.0 = Debug|Any CPU
		{27F3D2EB-38A0-493C-9B18-0EAE2E4EAA08}.Release|Any CPU.ActiveCfg = Release|Any CPU
		{27F3D2EB-38A0-493C-9B18-0EAE2E4EAA08}.Release|Any CPU.Build.0 = Release|Any CPU
		{876A5C9D-EF82-4CF8-BB33-3AE6CB0365DB}.Debug|Any CPU.ActiveCfg = Debug|Any CPU
		{876A5C9D-EF82-4CF8-BB33-3AE6CB0365DB}.Debug|Any CPU.Build.0 = Debug|Any CPU
		{876A5C9D-EF82-4CF8-BB33-3AE6CB0365DB}.Release|Any CPU.ActiveCfg = Release|Any CPU
		{876A5C9D-EF82-4CF8-BB33-3AE6CB0365DB}.Release|Any CPU.Build.0 = Release|Any CPU
		{54322E66-EAE3-4326-A90B-C17B51B2B4A5}.Debug|Any CPU.ActiveCfg = Debug|Any CPU
		{54322E66-EAE3-4326-A90B-C17B51B2B4A5}.Debug|Any CPU.Build.0 = Debug|Any CPU
		{54322E66-EAE3-4326-A90B-C17B51B2B4A5}.Release|Any CPU.ActiveCfg = Release|Any CPU
		{54322E66-EAE3-4326-A90B-C17B51B2B4A5}.Release|Any CPU.Build.0 = Release|Any CPU
		{CFD0A15B-AD3E-45C4-B55F-F1697EF5F263}.Debug|Any CPU.ActiveCfg = Debug|Any CPU
		{CFD0A15B-AD3E-45C4-B55F-F1697EF5F263}.Debug|Any CPU.Build.0 = Debug|Any CPU
		{CFD0A15B-AD3E-45C4-B55F-F1697EF5F263}.Release|Any CPU.ActiveCfg = Release|Any CPU
		{CFD0A15B-AD3E-45C4-B55F-F1697EF5F263}.Release|Any CPU.Build.0 = Release|Any CPU
		{6D4EF7AC-416B-4ACE-A263-D91770BDA56A}.Debug|Any CPU.ActiveCfg = Debug|Any CPU
		{6D4EF7AC-416B-4ACE-A263-D91770BDA56A}.Debug|Any CPU.Build.0 = Debug|Any CPU
		{6D4EF7AC-416B-4ACE-A263-D91770BDA56A}.Release|Any CPU.ActiveCfg = Release|Any CPU
		{6D4EF7AC-416B-4ACE-A263-D91770BDA56A}.Release|Any CPU.Build.0 = Release|Any CPU
		{A83729EC-377E-4F15-ACF7-8CA501D7AEE3}.Debug|Any CPU.ActiveCfg = Debug|Any CPU
		{A83729EC-377E-4F15-ACF7-8CA501D7AEE3}.Debug|Any CPU.Build.0 = Debug|Any CPU
		{A83729EC-377E-4F15-ACF7-8CA501D7AEE3}.Release|Any CPU.ActiveCfg = Release|Any CPU
		{A83729EC-377E-4F15-ACF7-8CA501D7AEE3}.Release|Any CPU.Build.0 = Release|Any CPU
	EndGlobalSection
	GlobalSection(SolutionProperties) = preSolution
		HideSolutionNode = FALSE
	EndGlobalSection
	GlobalSection(ExtensibilityGlobals) = postSolution
		SolutionGuid = {FBF3218C-51DD-45E4-94F2-5DAE0722B287}
	EndGlobalSection
EndGlobal
